
Microsoft Visual Studio Solution File, Format Version 12.00
# Visual Studio Version 17
VisualStudioVersion = 17.9.34607.119
MinimumVisualStudioVersion = 10.0.40219.1
Project("{FAE04EC0-301F-11D3-BF4B-00C04F79EFBC}") = "NESHTO", "NESHTO\NESHTO.csproj", "{5E8B3464-76AB-485C-9277-B2FA46C619AB}"
EndProject
Global
	GlobalSection(SolutionConfigurationPlatforms) = preSolution
		Debug|Any CPU = Debug|Any CPU
		Release|Any CPU = Release|Any CPU
	EndGlobalSection
	GlobalSection(ProjectConfigurationPlatforms) = postSolution
		{5E8B3464-76AB-485C-9277-B2FA46C619AB}.Debug|Any CPU.ActiveCfg = Debug|Any CPU
		{5E8B3464-76AB-485C-9277-B2FA46C619AB}.Debug|Any CPU.Build.0 = Debug|Any CPU
		{5E8B3464-76AB-485C-9277-B2FA46C619AB}.Release|Any CPU.ActiveCfg = Release|Any CPU
		{5E8B3464-76AB-485C-9277-B2FA46C619AB}.Release|Any CPU.Build.0 = Release|Any CPU
	EndGlobalSection
	GlobalSection(SolutionProperties) = preSolution
		HideSolutionNode = FALSE
	EndGlobalSection
	GlobalSection(ExtensibilityGlobals) = postSolution
		SolutionGuid = {604AEBDA-BD2C-49E3-912A-D882DC5245CE}
	EndGlobalSection
EndGlobal
